
Microsoft Visual Studio Solution File, Format Version 12.00
# Visual Studio Version 17
VisualStudioVersion = 17.0.31903.59
MinimumVisualStudioVersion = 10.0.40219.1
Project("{FAE04EC0-301F-11D3-BF4B-00C04F79EFBC}") = "PortalInfoSoftware.API", "PortalInfoSoftware.API\PortalInfoSoftware.API.csproj", "{D8C51836-075E-4A69-B153-C8C354037CB4}"
EndProject
Project("{FAE04EC0-301F-11D3-BF4B-00C04F79EFBC}") = "PortalInfoSoftware.Application", "PortalInfoSoftware.Application\PortalInfoSoftware.Application.csproj", "{D8129C6B-9F8E-409A-941A-A2A73653565F}"
EndProject
Project("{FAE04EC0-301F-11D3-BF4B-00C04F79EFBC}") = "PortalInfoSoftware.Domain", "PortalInfoSoftware.Domain\PortalInfoSoftware.Domain.csproj", "{9E7A9BAB-7E96-4667-B695-4440F7334397}"
EndProject
Project("{FAE04EC0-301F-11D3-BF4B-00C04F79EFBC}") = "PortalInfoSoftware.Infrastructure", "PortalInfoSoftware.Infrastructure\PortalInfoSoftware.Infrastructure.csproj", "{FA7DFB30-D492-4E97-A25C-D952D2A62824}"
EndProject
Global
	GlobalSection(SolutionConfigurationPlatforms) = preSolution
		Debug|Any CPU = Debug|Any CPU
		Debug|x64 = Debug|x64
		Debug|x86 = Debug|x86
		Release|Any CPU = Release|Any CPU
		Release|x64 = Release|x64
		Release|x86 = Release|x86
	EndGlobalSection
	GlobalSection(ProjectConfigurationPlatforms) = postSolution
		{D8C51836-075E-4A69-B153-C8C354037CB4}.Debug|Any CPU.ActiveCfg = Debug|Any CPU
		{D8C51836-075E-4A69-B153-C8C354037CB4}.Debug|Any CPU.Build.0 = Debug|Any CPU
		{D8C51836-075E-4A69-B153-C8C354037CB4}.Debug|x64.ActiveCfg = Debug|Any CPU
		{D8C51836-075E-4A69-B153-C8C354037CB4}.Debug|x64.Build.0 = Debug|Any CPU
		{D8C51836-075E-4A69-B153-C8C354037CB4}.Debug|x86.ActiveCfg = Debug|Any CPU
		{D8C51836-075E-4A69-B153-C8C354037CB4}.Debug|x86.Build.0 = Debug|Any CPU
		{D8C51836-075E-4A69-B153-C8C354037CB4}.Release|Any CPU.ActiveCfg = Release|Any CPU
		{D8C51836-075E-4A69-B153-C8C354037CB4}.Release|Any CPU.Build.0 = Release|Any CPU
		{D8C51836-075E-4A69-B153-C8C354037CB4}.Release|x64.ActiveCfg = Release|Any CPU
		{D8C51836-075E-4A69-B153-C8C354037CB4}.Release|x64.Build.0 = Release|Any CPU
		{D8C51836-075E-4A69-B153-C8C354037CB4}.Release|x86.ActiveCfg = Release|Any CPU
		{D8C51836-075E-4A69-B153-C8C354037CB4}.Release|x86.Build.0 = Release|Any CPU
		{D8129C6B-9F8E-409A-941A-A2A73653565F}.Debug|Any CPU.ActiveCfg = Debug|Any CPU
		{D8129C6B-9F8E-409A-941A-A2A73653565F}.Debug|Any CPU.Build.0 = Debug|Any CPU
		{D8129C6B-9F8E-409A-941A-A2A73653565F}.Debug|x64.ActiveCfg = Debug|Any CPU
		{D8129C6B-9F8E-409A-941A-A2A73653565F}.Debug|x64.Build.0 = Debug|Any CPU
		{D8129C6B-9F8E-409A-941A-A2A73653565F}.Debug|x86.ActiveCfg = Debug|Any CPU
		{D8129C6B-9F8E-409A-941A-A2A73653565F}.Debug|x86.Build.0 = Debug|Any CPU
		{D8129C6B-9F8E-409A-941A-A2A73653565F}.Release|Any CPU.ActiveCfg = Release|Any CPU
		{D8129C6B-9F8E-409A-941A-A2A73653565F}.Release|Any CPU.Build.0 = Release|Any CPU
		{D8129C6B-9F8E-409A-941A-A2A73653565F}.Release|x64.ActiveCfg = Release|Any CPU
		{D8129C6B-9F8E-409A-941A-A2A73653565F}.Release|x64.Build.0 = Release|Any CPU
		{D8129C6B-9F8E-409A-941A-A2A73653565F}.Release|x86.ActiveCfg = Release|Any CPU
		{D8129C6B-9F8E-409A-941A-A2A73653565F}.Release|x86.Build.0 = Release|Any CPU
		{9E7A9BAB-7E96-4667-B695-4440F7334397}.Debug|Any CPU.ActiveCfg = Debug|Any CPU
		{9E7A9BAB-7E96-4667-B695-4440F7334397}.Debug|Any CPU.Build.0 = Debug|Any CPU
		{9E7A9BAB-7E96-4667-B695-4440F7334397}.Debug|x64.ActiveCfg = Debug|Any CPU
		{9E7A9BAB-7E96-4667-B695-4440F7334397}.Debug|x64.Build.0 = Debug|Any CPU
		{9E7A9BAB-7E96-4667-B695-4440F7334397}.Debug|x86.ActiveCfg = Debug|Any CPU
		{9E7A9BAB-7E96-4667-B695-4440F7334397}.Debug|x86.Build.0 = Debug|Any CPU
		{9E7A9BAB-7E96-4667-B695-4440F7334397}.Release|Any CPU.ActiveCfg = Release|Any CPU
		{9E7A9BAB-7E96-4667-B695-4440F7334397}.Release|Any CPU.Build.0 = Release|Any CPU
		{9E7A9BAB-7E96-4667-B695-4440F7334397}.Release|x64.ActiveCfg = Release|Any CPU
		{9E7A9BAB-7E96-4667-B695-4440F7334397}.Release|x64.Build.0 = Release|Any CPU
		{9E7A9BAB-7E96-4667-B695-4440F7334397}.Release|x86.ActiveCfg = Release|Any CPU
		{9E7A9BAB-7E96-4667-B695-4440F7334397}.Release|x86.Build.0 = Release|Any CPU
		{FA7DFB30-D492-4E97-A25C-D952D2A62824}.Debug|Any CPU.ActiveCfg = Debug|Any CPU
		{FA7DFB30-D492-4E97-A25C-D952D2A62824}.Debug|Any CPU.Build.0 = Debug|Any CPU
		{FA7DFB30-D492-4E97-A25C-D952D2A62824}.Debug|x64.ActiveCfg = Debug|Any CPU
		{FA7DFB30-D492-4E97-A25C-D952D2A62824}.Debug|x64.Build.0 = Debug|Any CPU
		{FA7DFB30-D492-4E97-A25C-D952D2A62824}.Debug|x86.ActiveCfg = Debug|Any CPU
		{FA7DFB30-D492-4E97-A25C-D952D2A62824}.Debug|x86.Build.0 = Debug|Any CPU
		{FA7DFB30-D492-4E97-A25C-D952D2A62824}.Release|Any CPU.ActiveCfg = Release|Any CPU
		{FA7DFB30-D492-4E97-A25C-D952D2A62824}.Release|Any CPU.Build.0 = Release|Any CPU
		{FA7DFB30-D492-4E97-A25C-D952D2A62824}.Release|x64.ActiveCfg = Release|Any CPU
		{FA7DFB30-D492-4E97-A25C-D952D2A62824}.Release|x64.Build.0 = Release|Any CPU
		{FA7DFB30-D492-4E97-A25C-D952D2A62824}.Release|x86.ActiveCfg = Release|Any CPU
		{FA7DFB30-D492-4E97-A25C-D952D2A62824}.Release|x86.Build.0 = Release|Any CPU
	EndGlobalSection
	GlobalSection(SolutionProperties) = preSolution
		HideSolutionNode = FALSE
	EndGlobalSection
EndGlobal
